// !$*UTF8*$!
{
	archiveVersion = 1;
	classes = {
	};
	objectVersion = 48;
	objects = {

/* Begin PBXBuildFile section */
		CAFBA170208934D800B931B8 /* AppDelegate.m in Sources */ = {isa = PBXBuildFile; fileRef = CAFBA16F208934D800B931B8 /* AppDelegate.m */; };
		CAFBA176208934D800B931B8 /* Main.storyboard in Resources */ = {isa = PBXBuildFile; fileRef = CAFBA174208934D800B931B8 /* Main.storyboard */; };
		CAFBA178208934D800B931B8 /* Assets.xcassets in Resources */ = {isa = PBXBuildFile; fileRef = CAFBA177208934D800B931B8 /* Assets.xcassets */; };
		CAFBA17B208934D800B931B8 /* LaunchScreen.storyboard in Resources */ = {isa = PBXBuildFile; fileRef = CAFBA179208934D800B931B8 /* LaunchScreen.storyboard */; };
		CAFBA17E208934D800B931B8 /* main.m in Sources */ = {isa = PBXBuildFile; fileRef = CAFBA17D208934D800B931B8 /* main.m */; };
		CAFBA18B2089392E00B931B8 /* PanViewController.m in Sources */ = {isa = PBXBuildFile; fileRef = CAFBA18A2089392E00B931B8 /* PanViewController.m */; };
		CAFBA18E2089393B00B931B8 /* TapViewController.m in Sources */ = {isa = PBXBuildFile; fileRef = CAFBA18D2089393B00B931B8 /* TapViewController.m */; };
		CAFBA19120893D2000B931B8 /* PinchViewController.m in Sources */ = {isa = PBXBuildFile; fileRef = CAFBA19020893D2000B931B8 /* PinchViewController.m */; };
		CAFBA194208940D000B931B8 /* SwipeViewController.m in Sources */ = {isa = PBXBuildFile; fileRef = CAFBA193208940D000B931B8 /* SwipeViewController.m */; };
		CAFBA197208940E500B931B8 /* RotationViewController.m in Sources */ = {isa = PBXBuildFile; fileRef = CAFBA196208940E500B931B8 /* RotationViewController.m */; };
		CAFBA19A208959FE00B931B8 /* ScreenEdgePanViewController.m in Sources */ = {isa = PBXBuildFile; fileRef = CAFBA199208959FE00B931B8 /* ScreenEdgePanViewController.m */; };
/* End PBXBuildFile section */

/* Begin PBXFileReference section */
		CAFBA16B208934D800B931B8 /* iOSGestures.app */ = {isa = PBXFileReference; explicitFileType = wrapper.application; includeInIndex = 0; path = iOSGestures.app; sourceTree = BUILT_PRODUCTS_DIR; };
		CAFBA16E208934D800B931B8 /* AppDelegate.h */ = {isa = PBXFileReference; lastKnownFileType = sourcecode.c.h; path = AppDelegate.h; sourceTree = "<group>"; };
		CAFBA16F208934D800B931B8 /* AppDelegate.m */ = {isa = PBXFileReference; lastKnownFileType = sourcecode.c.objc; path = AppDelegate.m; sourceTree = "<group>"; };
		CAFBA175208934D800B931B8 /* Base */ = {isa = PBXFileReference; lastKnownFileType = file.storyboard; name = Base; path = Base.lproj/Main.storyboard; sourceTree = "<group>"; };
		CAFBA177208934D800B931B8 /* Assets.xcassets */ = {isa = PBXFileReference; lastKnownFileType = folder.assetcatalog; path = Assets.xcassets; sourceTree = "<group>"; };
		CAFBA17A208934D800B931B8 /* Base */ = {isa = PBXFileReference; lastKnownFileType = file.storyboard; name = Base; path = Base.lproj/LaunchScreen.storyboard; sourceTree = "<group>"; };
		CAFBA17C208934D800B931B8 /* Info.plist */ = {isa = PBXFileReference; lastKnownFileType = text.plist.xml; path = Info.plist; sourceTree = "<group>"; };
		CAFBA17D208934D800B931B8 /* main.m */ = {isa = PBXFileReference; lastKnownFileType = sourcecode.c.objc; path = main.m; sourceTree = "<group>"; };
		CAFBA1892089392E00B931B8 /* PanViewController.h */ = {isa = PBXFileReference; lastKnownFileType = sourcecode.c.h; path = PanViewController.h; sourceTree = "<group>"; };
		CAFBA18A2089392E00B931B8 /* PanViewController.m */ = {isa = PBXFileReference; lastKnownFileType = sourcecode.c.objc; path = PanViewController.m; sourceTree = "<group>"; };
		CAFBA18C2089393B00B931B8 /* TapViewController.h */ = {isa = PBXFileReference; lastKnownFileType = sourcecode.c.h; path = TapViewController.h; sourceTree = "<group>"; };
		CAFBA18D2089393B00B931B8 /* TapViewController.m */ = {isa = PBXFileReference; lastKnownFileType = sourcecode.c.objc; path = TapViewController.m; sourceTree = "<group>"; };
		CAFBA18F20893D2000B931B8 /* PinchViewController.h */ = {isa = PBXFileReference; lastKnownFileType = sourcecode.c.h; path = PinchViewController.h; sourceTree = "<group>"; };
		CAFBA19020893D2000B931B8 /* PinchViewController.m */ = {isa = PBXFileReference; lastKnownFileType = sourcecode.c.objc; path = PinchViewController.m; sourceTree = "<group>"; };
		CAFBA192208940D000B931B8 /* SwipeViewController.h */ = {isa = PBXFileReference; lastKnownFileType = sourcecode.c.h; path = SwipeViewController.h; sourceTree = "<group>"; };
		CAFBA193208940D000B931B8 /* SwipeViewController.m */ = {isa = PBXFileReference; lastKnownFileType = sourcecode.c.objc; path = SwipeViewController.m; sourceTree = "<group>"; };
		CAFBA195208940E500B931B8 /* RotationViewController.h */ = {isa = PBXFileReference; lastKnownFileType = sourcecode.c.h; path = RotationViewController.h; sourceTree = "<group>"; };
		CAFBA196208940E500B931B8 /* RotationViewController.m */ = {isa = PBXFileReference; lastKnownFileType = sourcecode.c.objc; path = RotationViewController.m; sourceTree = "<group>"; };
		CAFBA198208959FE00B931B8 /* ScreenEdgePanViewController.h */ = {isa = PBXFileReference; lastKnownFileType = sourcecode.c.h; path = ScreenEdgePanViewController.h; sourceTree = "<group>"; };
		CAFBA199208959FE00B931B8 /* ScreenEdgePanViewController.m */ = {isa = PBXFileReference; lastKnownFileType = sourcecode.c.objc; path = ScreenEdgePanViewController.m; sourceTree = "<group>"; };
/* End PBXFileReference section */

/* Begin PBXFrameworksBuildPhase section */
		CAFBA168208934D800B931B8 /* Frameworks */ = {
			isa = PBXFrameworksBuildPhase;
			buildActionMask = 2147483647;
			files = (
			);
			runOnlyForDeploymentPostprocessing = 0;
		};
/* End PBXFrameworksBuildPhase section */

/* Begin PBXGroup section */
		CAFBA162208934D800B931B8 = {
			isa = PBXGroup;
			children = (
				CAFBA16D208934D800B931B8 /* iOSGestures */,
				CAFBA16C208934D800B931B8 /* Products */,
			);
			sourceTree = "<group>";
		};
		CAFBA16C208934D800B931B8 /* Products */ = {
			isa = PBXGroup;
			children = (
				CAFBA16B208934D800B931B8 /* iOSGestures.app */,
			);
			name = Products;
			sourceTree = "<group>";
		};
		CAFBA16D208934D800B931B8 /* iOSGestures */ = {
			isa = PBXGroup;
			children = (
				CAFBA18F20893D2000B931B8 /* PinchViewController.h */,
				CAFBA19020893D2000B931B8 /* PinchViewController.m */,
				CAFBA18C2089393B00B931B8 /* TapViewController.h */,
				CAFBA18D2089393B00B931B8 /* TapViewController.m */,
				CAFBA1892089392E00B931B8 /* PanViewController.h */,
				CAFBA18A2089392E00B931B8 /* PanViewController.m */,
				CAFBA16E208934D800B931B8 /* AppDelegate.h */,
				CAFBA16F208934D800B931B8 /* AppDelegate.m */,
				CAFBA174208934D800B931B8 /* Main.storyboard */,
				CAFBA177208934D800B931B8 /* Assets.xcassets */,
				CAFBA179208934D800B931B8 /* LaunchScreen.storyboard */,
				CAFBA17C208934D800B931B8 /* Info.plist */,
				CAFBA17D208934D800B931B8 /* main.m */,
				CAFBA192208940D000B931B8 /* SwipeViewController.h */,
				CAFBA193208940D000B931B8 /* SwipeViewController.m */,
				CAFBA195208940E500B931B8 /* RotationViewController.h */,
				CAFBA196208940E500B931B8 /* RotationViewController.m */,
				CAFBA198208959FE00B931B8 /* ScreenEdgePanViewController.h */,
				CAFBA199208959FE00B931B8 /* ScreenEdgePanViewController.m */,
			);
			path = iOSGestures;
			sourceTree = "<group>";
		};
/* End PBXGroup section */

/* Begin PBXNativeTarget section */
		CAFBA16A208934D800B931B8 /* iOSGestures */ = {
			isa = PBXNativeTarget;
			buildConfigurationList = CAFBA181208934D800B931B8 /* Build configuration list for PBXNativeTarget "iOSGestures" */;
			buildPhases = (
				CAFBA167208934D800B931B8 /* Sources */,
				CAFBA168208934D800B931B8 /* Frameworks */,
				CAFBA169208934D800B931B8 /* Resources */,
			);
			buildRules = (
			);
			dependencies = (
			);
			name = iOSGestures;
			productName = iOSGestures;
			productReference = CAFBA16B208934D800B931B8 /* iOSGestures.app */;
			productType = "com.apple.product-type.application";
		};
/* End PBXNativeTarget section */

/* Begin PBXProject section */
		CAFBA163208934D800B931B8 /* Project object */ = {
			isa = PBXProject;
			attributes = {
				LastUpgradeCheck = 0920;
				ORGANIZATIONNAME = "Alejandro Zielinsky";
				TargetAttributes = {
					CAFBA16A208934D800B931B8 = {
						CreatedOnToolsVersion = 9.2;
						ProvisioningStyle = Automatic;
					};
				};
			};
			buildConfigurationList = CAFBA166208934D800B931B8 /* Build configuration list for PBXProject "iOSGestures" */;
			compatibilityVersion = "Xcode 8.0";
			developmentRegion = en;
			hasScannedForEncodings = 0;
			knownRegions = (
				en,
				Base,
			);
			mainGroup = CAFBA162208934D800B931B8;
			productRefGroup = CAFBA16C208934D800B931B8 /* Products */;
			projectDirPath = "";
			projectRoot = "";
			targets = (
				CAFBA16A208934D800B931B8 /* iOSGestures */,
			);
		};
/* End PBXProject section */

/* Begin PBXResourcesBuildPhase section */
		CAFBA169208934D800B931B8 /* Resources */ = {
			isa = PBXResourcesBuildPhase;
			buildActionMask = 2147483647;
			files = (
				CAFBA17B208934D800B931B8 /* LaunchScreen.storyboard in Resources */,
				CAFBA178208934D800B931B8 /* Assets.xcassets in Resources */,
				CAFBA176208934D800B931B8 /* Main.storyboard in Resources */,
			);
			runOnlyForDeploymentPostprocessing = 0;
		};
/* End PBXResourcesBuildPhase section */

/* Begin PBXSourcesBuildPhase section */
		CAFBA167208934D800B931B8 /* Sources */ = {
			isa = PBXSourcesBuildPhase;
			buildActionMask = 2147483647;
			files = (
				CAFBA18B2089392E00B931B8 /* PanViewController.m in Sources */,
				CAFBA17E208934D800B931B8 /* main.m in Sources */,
				CAFBA19120893D2000B931B8 /* PinchViewController.m in Sources */,
				CAFBA19A208959FE00B931B8 /* ScreenEdgePanViewController.m in Sources */,
				CAFBA197208940E500B931B8 /* RotationViewController.m in Sources */,
				CAFBA194208940D000B931B8 /* SwipeViewController.m in Sources */,
				CAFBA18E2089393B00B931B8 /* TapViewController.m in Sources */,
				CAFBA170208934D800B931B8 /* AppDelegate.m in Sources */,
			);
			runOnlyForDeploymentPostprocessing = 0;
		};
/* End PBXSourcesBuildPhase section */

/* Begin PBXVariantGroup section */
		CAFBA174208934D800B931B8 /* Main.storyboard */ = {
			isa = PBXVariantGroup;
			children = (
				CAFBA175208934D800B931B8 /* Base */,
			);
			name = Main.storyboard;
			sourceTree = "<group>";
		};
		CAFBA179208934D800B931B8 /* LaunchScreen.storyboard */ = {
			isa = PBXVariantGroup;
			children = (
				CAFBA17A208934D800B931B8 /* Base */,
			);
			name = LaunchScreen.storyboard;
			sourceTree = "<group>";
		};
/* End PBXVariantGroup section */

/* Begin XCBuildConfiguration section */
		CAFBA17F208934D800B931B8 /* Debug */ = {
			isa = XCBuildConfiguration;
			buildSettings = {
				ALWAYS_SEARCH_USER_PATHS = NO;
				CLANG_ANALYZER_NONNULL = YES;
				CLANG_ANALYZER_NUMBER_OBJECT_CONVERSION = YES_AGGRESSIVE;
				CLANG_CXX_LANGUAGE_STANDARD = "gnu++14";
				CLANG_CXX_LIBRARY = "libc++";
				CLANG_ENABLE_MODULES = YES;
				CLANG_ENABLE_OBJC_ARC = YES;
				CLANG_WARN_BLOCK_CAPTURE_AUTORELEASING = YES;
				CLANG_WARN_BOOL_CONVERSION = YES;
				CLANG_WARN_COMMA = YES;
				CLANG_WARN_CONSTANT_CONVERSION = YES;
				CLANG_WARN_DIRECT_OBJC_ISA_USAGE = YES_ERROR;
				CLANG_WARN_DOCUMENTATION_COMMENTS = YES;
				CLANG_WARN_EMPTY_BODY = YES;
				CLANG_WARN_ENUM_CONVERSION = YES;
				CLANG_WARN_INFINITE_RECURSION = YES;
				CLANG_WARN_INT_CONVERSION = YES;
				CLANG_WARN_NON_LITERAL_NULL_CONVERSION = YES;
				CLANG_WARN_OBJC_LITERAL_CONVERSION = YES;
				CLANG_WARN_OBJC_ROOT_CLASS = YES_ERROR;
				CLANG_WARN_RANGE_LOOP_ANALYSIS = YES;
				CLANG_WARN_STRICT_PROTOTYPES = YES;
				CLANG_WARN_SUSPICIOUS_MOVE = YES;
				CLANG_WARN_UNGUARDED_AVAILABILITY = YES_AGGRESSIVE;
				CLANG_WARN_UNREACHABLE_CODE = YES;
				CLANG_WARN__DUPLICATE_METHOD_MATCH = YES;
				CODE_SIGN_IDENTITY = "iPhone Developer";
				COPY_PHASE_STRIP = NO;
				DEBUG_INFORMATION_FORMAT = dwarf;
				ENABLE_STRICT_OBJC_MSGSEND = YES;
				ENABLE_TESTABILITY = YES;
				GCC_C_LANGUAGE_STANDARD = gnu11;
				GCC_DYNAMIC_NO_PIC = NO;
				GCC_NO_COMMON_BLOCKS = YES;
				GCC_OPTIMIZATION_LEVEL = 0;
				GCC_PREPROCESSOR_DEFINITIONS = (
					"DEBUG=1",
					"$(inherited)",
				);
				GCC_WARN_64_TO_32_BIT_CONVERSION = YES;
				GCC_WARN_ABOUT_RETURN_TYPE = YES_ERROR;
				GCC_WARN_UNDECLARED_SELECTOR = YES;
				GCC_WARN_UNINITIALIZED_AUTOS = YES_AGGRESSIVE;
				GCC_WARN_UNUSED_FUNCTION = YES;
				GCC_WARN_UNUSED_VARIABLE = YES;
				IPHONEOS_DEPLOYMENT_TARGET = 11.2;
				MTL_ENABLE_DEBUG_INFO = YES;
				ONLY_ACTIVE_ARCH = YES;
				SDKROOT = iphoneos;
			};
			name = Debug;
		};
		CAFBA180208934D800B931B8 /* Release */ = {
			isa = XCBuildConfiguration;
			buildSettings = {
				ALWAYS_SEARCH_USER_PATHS = NO;
				CLANG_ANALYZER_NONNULL = YES;
				CLANG_ANALYZER_NUMBER_OBJECT_CONVERSION = YES_AGGRESSIVE;
				CLANG_CXX_LANGUAGE_STANDARD = "gnu++14";
				CLANG_CXX_LIBRARY = "libc++";
				CLANG_ENABLE_MODULES = YES;
				CLANG_ENABLE_OBJC_ARC = YES;
				CLANG_WARN_BLOCK_CAPTURE_AUTORELEASING = YES;
				CLANG_WARN_BOOL_CONVERSION = YES;
				CLANG_WARN_COMMA = YES;
				CLANG_WARN_CONSTANT_CONVERSION = YES;
				CLANG_WARN_DIRECT_OBJC_ISA_USAGE = YES_ERROR;
				CLANG_WARN_DOCUMENTATION_COMMENTS = YES;
				CLANG_WARN_EMPTY_BODY = YES;
				CLANG_WARN_ENUM_CONVERSION = YES;
				CLANG_WARN_INFINITE_RECURSION = YES;
				CLANG_WARN_INT_CONVERSION = YES;
				CLANG_WARN_NON_LITERAL_NULL_CONVERSION = YES;
				CLANG_WARN_OBJC_LITERAL_CONVERSION = YES;
				CLANG_WARN_OBJC_ROOT_CLASS = YES_ERROR;
				CLANG_WARN_RANGE_LOOP_ANALYSIS = YES;
				CLANG_WARN_STRICT_PROTOTYPES = YES;
				CLANG_WARN_SUSPICIOUS_MOVE = YES;
				CLANG_WARN_UNGUARDED_AVAILABILITY = YES_AGGRESSIVE;
				CLANG_WARN_UNREACHABLE_CODE = YES;
				CLANG_WARN__DUPLICATE_METHOD_MATCH = YES;
				CODE_SIGN_IDENTITY = "iPhone Developer";
				COPY_PHASE_STRIP = NO;
				DEBUG_INFORMATION_FORMAT = "dwarf-with-dsym";
				ENABLE_NS_ASSERTIONS = NO;
				ENABLE_STRICT_OBJC_MSGSEND = YES;
				GCC_C_LANGUAGE_STANDARD = gnu11;
				GCC_NO_COMMON_BLOCKS = YES;
				GCC_WARN_64_TO_32_BIT_CONVERSION = YES;
				GCC_WARN_ABOUT_RETURN_TYPE = YES_ERROR;
				GCC_WARN_UNDECLARED_SELECTOR = YES;
				GCC_WARN_UNINITIALIZED_AUTOS = YES_AGGRESSIVE;
				GCC_WARN_UNUSED_FUNCTION = YES;
				GCC_WARN_UNUSED_VARIABLE = YES;
				IPHONEOS_DEPLOYMENT_TARGET = 11.2;
				MTL_ENABLE_DEBUG_INFO = NO;
				SDKROOT = iphoneos;
				VALIDATE_PRODUCT = YES;
			};
			name = Release;
		};
		CAFBA182208934D800B931B8 /* Debug */ = {
			isa = XCBuildConfiguration;
			buildSettings = {
				ASSETCATALOG_COMPILER_APPICON_NAME = AppIcon;
				CODE_SIGN_STYLE = Automatic;
				DEVELOPMENT_TEAM = N8EE67V363;
				INFOPLIST_FILE = iOSGestures/Info.plist;
				LD_RUNPATH_SEARCH_PATHS = "$(inherited) @executable_path/Frameworks";
				PRODUCT_BUNDLE_IDENTIFIER = com.AleZ.iOSGestures;
				PRODUCT_NAME = "$(TARGET_NAME)";
				TARGETED_DEVICE_FAMILY = "1,2";
			};
			name = Debug;
		};
		CAFBA183208934D800B931B8 /* Release */ = {
			isa = XCBuildConfiguration;
			buildSettings = {
				ASSETCATALOG_COMPILER_APPICON_NAME = AppIcon;
				CODE_SIGN_STYLE = Automatic;
				DEVELOPMENT_TEAM = N8EE67V363;
				INFOPLIST_FILE = iOSGestures/Info.plist;
				LD_RUNPATH_SEARCH_PATHS = "$(inherited) @executable_path/Frameworks";
				PRODUCT_BUNDLE_IDENTIFIER = com.AleZ.iOSGestures;
				PRODUCT_NAME = "$(TARGET_NAME)";
				TARGETED_DEVICE_FAMILY = "1,2";
			};
			name = Release;
		};
/* End XCBuildConfiguration section */

/* Begin XCConfigurationList section */
		CAFBA166208934D800B931B8 /* Build configuration list for PBXProject "iOSGestures" */ = {
			isa = XCConfigurationList;
			buildConfigurations = (
				CAFBA17F208934D800B931B8 /* Debug */,
				CAFBA180208934D800B931B8 /* Release */,
			);
			defaultConfigurationIsVisible = 0;
			defaultConfigurationName = Release;
		};
		CAFBA181208934D800B931B8 /* Build configuration list for PBXNativeTarget "iOSGestures" */ = {
			isa = XCConfigurationList;
			buildConfigurations = (
				CAFBA182208934D800B931B8 /* Debug */,
				CAFBA183208934D800B931B8 /* Release */,
			);
			defaultConfigurationIsVisible = 0;
			defaultConfigurationName = Release;
		};
/* End XCConfigurationList section */
	};
	rootObject = CAFBA163208934D800B931B8 /* Project object */;
}
